// !$*UTF8*$!
{
	archiveVersion = 1;
	classes = {
	};
	objectVersion = 50;
	objects = {

/* Begin PBXBuildFile section */
		0A1CF71121338519008E3022 /* AppDelegate.m in Sources */ = {isa = PBXBuildFile; fileRef = 0A1CF71021338519008E3022 /* AppDelegate.m */; };
		0A1CF71421338519008E3022 /* ViewController.m in Sources */ = {isa = PBXBuildFile; fileRef = 0A1CF71321338519008E3022 /* ViewController.m */; };
		0A1CF71721338519008E3022 /* Main.storyboard in Resources */ = {isa = PBXBuildFile; fileRef = 0A1CF71521338519008E3022 /* Main.storyboard */; };
		0A1CF7192133851A008E3022 /* Assets.xcassets in Resources */ = {isa = PBXBuildFile; fileRef = 0A1CF7182133851A008E3022 /* Assets.xcassets */; };
		0A1CF71C2133851A008E3022 /* LaunchScreen.storyboard in Resources */ = {isa = PBXBuildFile; fileRef = 0A1CF71A2133851A008E3022 /* LaunchScreen.storyboard */; };
		0A1CF71F2133851A008E3022 /* main.m in Sources */ = {isa = PBXBuildFile; fileRef = 0A1CF71E2133851A008E3022 /* main.m */; };
		0A1CF72721338533008E3022 /* Person.m in Sources */ = {isa = PBXBuildFile; fileRef = 0A1CF72621338533008E3022 /* Person.m */; };
		0A3D61D92135276300E1F1E6 /* item1.storyboard in Resources */ = {isa = PBXBuildFile; fileRef = 0A3D61D72135276300E1F1E6 /* item1.storyboard */; };
		0A3D61DB213528A500E1F1E6 /* item3.storyboard in Resources */ = {isa = PBXBuildFile; fileRef = 0A3D61DA213528A500E1F1E6 /* item3.storyboard */; };
		0A7697352133AF110041305B /* LocalArchiverManager.m in Sources */ = {isa = PBXBuildFile; fileRef = 0A7697342133AF110041305B /* LocalArchiverManager.m */; };
/* End PBXBuildFile section */

/* Begin PBXFileReference section */
		0A1CF70C21338519008E3022 /* UserDataDemo.app */ = {isa = PBXFileReference; explicitFileType = wrapper.application; includeInIndex = 0; path = UserDataDemo.app; sourceTree = BUILT_PRODUCTS_DIR; };
		0A1CF70F21338519008E3022 /* AppDelegate.h */ = {isa = PBXFileReference; lastKnownFileType = sourcecode.c.h; path = AppDelegate.h; sourceTree = "<group>"; };
		0A1CF71021338519008E3022 /* AppDelegate.m */ = {isa = PBXFileReference; lastKnownFileType = sourcecode.c.objc; path = AppDelegate.m; sourceTree = "<group>"; };
		0A1CF71221338519008E3022 /* ViewController.h */ = {isa = PBXFileReference; lastKnownFileType = sourcecode.c.h; path = ViewController.h; sourceTree = "<group>"; };
		0A1CF71321338519008E3022 /* ViewController.m */ = {isa = PBXFileReference; lastKnownFileType = sourcecode.c.objc; path = ViewController.m; sourceTree = "<group>"; };
		0A1CF71621338519008E3022 /* Base */ = {isa = PBXFileReference; lastKnownFileType = file.storyboard; name = Base; path = Base.lproj/Main.storyboard; sourceTree = "<group>"; };
		0A1CF7182133851A008E3022 /* Assets.xcassets */ = {isa = PBXFileReference; lastKnownFileType = folder.assetcatalog; path = Assets.xcassets; sourceTree = "<group>"; };
		0A1CF71B2133851A008E3022 /* Base */ = {isa = PBXFileReference; lastKnownFileType = file.storyboard; name = Base; path = Base.lproj/LaunchScreen.storyboard; sourceTree = "<group>"; };
		0A1CF71D2133851A008E3022 /* Info.plist */ = {isa = PBXFileReference; lastKnownFileType = text.plist.xml; path = Info.plist; sourceTree = "<group>"; };
		0A1CF71E2133851A008E3022 /* main.m */ = {isa = PBXFileReference; lastKnownFileType = sourcecode.c.objc; path = main.m; sourceTree = "<group>"; };
		0A1CF72521338533008E3022 /* Person.h */ = {isa = PBXFileReference; lastKnownFileType = sourcecode.c.h; path = Person.h; sourceTree = "<group>"; };
		0A1CF72621338533008E3022 /* Person.m */ = {isa = PBXFileReference; lastKnownFileType = sourcecode.c.objc; path = Person.m; sourceTree = "<group>"; };
		0A3D61D82135276300E1F1E6 /* Base */ = {isa = PBXFileReference; lastKnownFileType = file.storyboard; name = Base; path = UserDataDemo/Base.lproj/item1.storyboard; sourceTree = "<group>"; };
		0A3D61DA213528A500E1F1E6 /* item3.storyboard */ = {isa = PBXFileReference; lastKnownFileType = file.storyboard; path = item3.storyboard; sourceTree = "<group>"; };
		0A7697332133AF110041305B /* LocalArchiverManager.h */ = {isa = PBXFileReference; lastKnownFileType = sourcecode.c.h; path = LocalArchiverManager.h; sourceTree = "<group>"; };
		0A7697342133AF110041305B /* LocalArchiverManager.m */ = {isa = PBXFileReference; lastKnownFileType = sourcecode.c.objc; path = LocalArchiverManager.m; sourceTree = "<group>"; };
/* End PBXFileReference section */

/* Begin PBXFrameworksBuildPhase section */
		0A1CF70921338519008E3022 /* Frameworks */ = {
			isa = PBXFrameworksBuildPhase;
			buildActionMask = 2147483647;
			files = (
			);
			runOnlyForDeploymentPostprocessing = 0;
		};
/* End PBXFrameworksBuildPhase section */

/* Begin PBXGroup section */
		0A1CF70321338519008E3022 = {
			isa = PBXGroup;
			children = (
				0A1CF70E21338519008E3022 /* UserDataDemo */,
				0A1CF70D21338519008E3022 /* Products */,
			);
			sourceTree = "<group>";
		};
		0A1CF70D21338519008E3022 /* Products */ = {
			isa = PBXGroup;
			children = (
				0A1CF70C21338519008E3022 /* UserDataDemo.app */,
			);
			name = Products;
			sourceTree = "<group>";
		};
		0A1CF70E21338519008E3022 /* UserDataDemo */ = {
			isa = PBXGroup;
			children = (
				0A1CF70F21338519008E3022 /* AppDelegate.h */,
				0A1CF71021338519008E3022 /* AppDelegate.m */,
				0A1CF71221338519008E3022 /* ViewController.h */,
				0A1CF71321338519008E3022 /* ViewController.m */,
				0A1CF72521338533008E3022 /* Person.h */,
				0A1CF72621338533008E3022 /* Person.m */,
				0A7697332133AF110041305B /* LocalArchiverManager.h */,
				0A7697342133AF110041305B /* LocalArchiverManager.m */,
				0A1CF71521338519008E3022 /* Main.storyboard */,
				0A3D61D72135276300E1F1E6 /* item1.storyboard */,
				0A3D61DA213528A500E1F1E6 /* item3.storyboard */,
				0A1CF7182133851A008E3022 /* Assets.xcassets */,
				0A1CF71A2133851A008E3022 /* LaunchScreen.storyboard */,
				0A1CF71D2133851A008E3022 /* Info.plist */,
				0A1CF71E2133851A008E3022 /* main.m */,
			);
			path = UserDataDemo;
			sourceTree = "<group>";
		};
/* End PBXGroup section */

/* Begin PBXNativeTarget section */
		0A1CF70B21338519008E3022 /* UserDataDemo */ = {
			isa = PBXNativeTarget;
			buildConfigurationList = 0A1CF7222133851A008E3022 /* Build configuration list for PBXNativeTarget "UserDataDemo" */;
			buildPhases = (
				0A1CF70821338519008E3022 /* Sources */,
				0A1CF70921338519008E3022 /* Frameworks */,
				0A1CF70A21338519008E3022 /* Resources */,
			);
			buildRules = (
			);
			dependencies = (
			);
			name = UserDataDemo;
			productName = UserDataDemo;
			productReference = 0A1CF70C21338519008E3022 /* UserDataDemo.app */;
			productType = "com.apple.product-type.application";
		};
/* End PBXNativeTarget section */

/* Begin PBXProject section */
		0A1CF70421338519008E3022 /* Project object */ = {
			isa = PBXProject;
			attributes = {
				LastUpgradeCheck = 0940;
				ORGANIZATIONNAME = wcx;
				TargetAttributes = {
					0A1CF70B21338519008E3022 = {
						CreatedOnToolsVersion = 9.4.1;
					};
				};
			};
			buildConfigurationList = 0A1CF70721338519008E3022 /* Build configuration list for PBXProject "UserDataDemo" */;
			compatibilityVersion = "Xcode 9.3";
			developmentRegion = en;
			hasScannedForEncodings = 0;
			knownRegions = (
				en,
				Base,
			);
			mainGroup = 0A1CF70321338519008E3022;
			productRefGroup = 0A1CF70D21338519008E3022 /* Products */;
			projectDirPath = "";
			projectRoot = "";
			targets = (
				0A1CF70B21338519008E3022 /* UserDataDemo */,
			);
		};
/* End PBXProject section */

/* Begin PBXResourcesBuildPhase section */
		0A1CF70A21338519008E3022 /* Resources */ = {
			isa = PBXResourcesBuildPhase;
			buildActionMask = 2147483647;
			files = (
				0A1CF71C2133851A008E3022 /* LaunchScreen.storyboard in Resources */,
				0A1CF7192133851A008E3022 /* Assets.xcassets in Resources */,
				0A1CF71721338519008E3022 /* Main.storyboard in Resources */,
				0A3D61D92135276300E1F1E6 /* item1.storyboard in Resources */,
				0A3D61DB213528A500E1F1E6 /* item3.storyboard in Resources */,
			);
			runOnlyForDeploymentPostprocessing = 0;
		};
/* End PBXResourcesBuildPhase section */

/* Begin PBXSourcesBuildPhase section */
		0A1CF70821338519008E3022 /* Sources */ = {
			isa = PBXSourcesBuildPhase;
			buildActionMask = 2147483647;
			files = (
				0A1CF71421338519008E3022 /* ViewController.m in Sources */,
				0A1CF71F2133851A008E3022 /* main.m in Sources */,
				0A1CF72721338533008E3022 /* Person.m in Sources */,
				0A7697352133AF110041305B /* LocalArchiverManager.m in Sources */,
				0A1CF71121338519008E3022 /* AppDelegate.m in Sources */,
			);
			runOnlyForDeploymentPostprocessing = 0;
		};
/* End PBXSourcesBuildPhase section */

/* Begin PBXVariantGroup section */
		0A1CF71521338519008E3022 /* Main.storyboard */ = {
			isa = PBXVariantGroup;
			children = (
				0A1CF71621338519008E3022 /* Base */,
			);
			name = Main.storyboard;
			sourceTree = "<group>";
		};
		0A1CF71A2133851A008E3022 /* LaunchScreen.storyboard */ = {
			isa = PBXVariantGroup;
			children = (
				0A1CF71B2133851A008E3022 /* Base */,
			);
			name = LaunchScreen.storyboard;
			sourceTree = "<group>";
		};
		0A3D61D72135276300E1F1E6 /* item1.storyboard */ = {
			isa = PBXVariantGroup;
			children = (
				0A3D61D82135276300E1F1E6 /* Base */,
			);
			name = item1.storyboard;
			sourceTree = "<group>";
		};
/* End PBXVariantGroup section */

/* Begin XCBuildConfiguration section */
		0A1CF7202133851A008E3022 /* Debug */ = {
			isa = XCBuildConfiguration;
			buildSettings = {
				ALWAYS_SEARCH_USER_PATHS = NO;
				CLANG_ANALYZER_NONNULL = YES;
				CLANG_ANALYZER_NUMBER_OBJECT_CONVERSION = YES_AGGRESSIVE;
				CLANG_CXX_LANGUAGE_STANDARD = "gnu++14";
				CLANG_CXX_LIBRARY = "libc++";
				CLANG_ENABLE_MODULES = YES;
				CLANG_ENABLE_OBJC_ARC = YES;
				CLANG_ENABLE_OBJC_WEAK = YES;
				CLANG_WARN_BLOCK_CAPTURE_AUTORELEASING = YES;
				CLANG_WARN_BOOL_CONVERSION = YES;
				CLANG_WARN_COMMA = YES;
				CLANG_WARN_CONSTANT_CONVERSION = YES;
				CLANG_WARN_DEPRECATED_OBJC_IMPLEMENTATIONS = YES;
				CLANG_WARN_DIRECT_OBJC_ISA_USAGE = YES_ERROR;
				CLANG_WARN_DOCUMENTATION_COMMENTS = YES;
				CLANG_WARN_EMPTY_BODY = YES;
				CLANG_WARN_ENUM_CONVERSION = YES;
				CLANG_WARN_INFINITE_RECURSION = YES;
				CLANG_WARN_INT_CONVERSION = YES;
				CLANG_WARN_NON_LITERAL_NULL_CONVERSION = YES;
				CLANG_WARN_OBJC_IMPLICIT_RETAIN_SELF = YES;
				CLANG_WARN_OBJC_LITERAL_CONVERSION = YES;
				CLANG_WARN_OBJC_ROOT_CLASS = YES_ERROR;
				CLANG_WARN_RANGE_LOOP_ANALYSIS = YES;
				CLANG_WARN_STRICT_PROTOTYPES = YES;
				CLANG_WARN_SUSPICIOUS_MOVE = YES;
				CLANG_WARN_UNGUARDED_AVAILABILITY = YES_AGGRESSIVE;
				CLANG_WARN_UNREACHABLE_CODE = YES;
				CLANG_WARN__DUPLICATE_METHOD_MATCH = YES;
				CODE_SIGN_IDENTITY = "iPhone Developer";
				COPY_PHASE_STRIP = NO;
				DEBUG_INFORMATION_FORMAT = dwarf;
				ENABLE_STRICT_OBJC_MSGSEND = YES;
				ENABLE_TESTABILITY = YES;
				GCC_C_LANGUAGE_STANDARD = gnu11;
				GCC_DYNAMIC_NO_PIC = NO;
				GCC_NO_COMMON_BLOCKS = YES;
				GCC_OPTIMIZATION_LEVEL = 0;
				GCC_PREPROCESSOR_DEFINITIONS = (
					"DEBUG=1",
					"$(inherited)",
				);
				GCC_WARN_64_TO_32_BIT_CONVERSION = YES;
				GCC_WARN_ABOUT_RETURN_TYPE = YES_ERROR;
				GCC_WARN_UNDECLARED_SELECTOR = YES;
				GCC_WARN_UNINITIALIZED_AUTOS = YES_AGGRESSIVE;
				GCC_WARN_UNUSED_FUNCTION = YES;
				GCC_WARN_UNUSED_VARIABLE = YES;
				IPHONEOS_DEPLOYMENT_TARGET = 11.4;
				MTL_ENABLE_DEBUG_INFO = YES;
				ONLY_ACTIVE_ARCH = YES;
				SDKROOT = iphoneos;
			};
			name = Debug;
		};
		0A1CF7212133851A008E3022 /* Release */ = {
			isa = XCBuildConfiguration;
			buildSettings = {
				ALWAYS_SEARCH_USER_PATHS = NO;
				CLANG_ANALYZER_NONNULL = YES;
				CLANG_ANALYZER_NUMBER_OBJECT_CONVERSION = YES_AGGRESSIVE;
				CLANG_CXX_LANGUAGE_STANDARD = "gnu++14";
				CLANG_CXX_LIBRARY = "libc++";
				CLANG_ENABLE_MODULES = YES;
				CLANG_ENABLE_OBJC_ARC = YES;
				CLANG_ENABLE_OBJC_WEAK = YES;
				CLANG_WARN_BLOCK_CAPTURE_AUTORELEASING = YES;
				CLANG_WARN_BOOL_CONVERSION = YES;
				CLANG_WARN_COMMA = YES;
				CLANG_WARN_CONSTANT_CONVERSION = YES;
				CLANG_WARN_DEPRECATED_OBJC_IMPLEMENTATIONS = YES;
				CLANG_WARN_DIRECT_OBJC_ISA_USAGE = YES_ERROR;
				CLANG_WARN_DOCUMENTATION_COMMENTS = YES;
				CLANG_WARN_EMPTY_BODY = YES;
				CLANG_WARN_ENUM_CONVERSION = YES;
				CLANG_WARN_INFINITE_RECURSION = YES;
				CLANG_WARN_INT_CONVERSION = YES;
				CLANG_WARN_NON_LITERAL_NULL_CONVERSION = YES;
				CLANG_WARN_OBJC_IMPLICIT_RETAIN_SELF = YES;
				CLANG_WARN_OBJC_LITERAL_CONVERSION = YES;
				CLANG_WARN_OBJC_ROOT_CLASS = YES_ERROR;
				CLANG_WARN_RANGE_LOOP_ANALYSIS = YES;
				CLANG_WARN_STRICT_PROTOTYPES = YES;
				CLANG_WARN_SUSPICIOUS_MOVE = YES;
				CLANG_WARN_UNGUARDED_AVAILABILITY = YES_AGGRESSIVE;
				CLANG_WARN_UNREACHABLE_CODE = YES;
				CLANG_WARN__DUPLICATE_METHOD_MATCH = YES;
				CODE_SIGN_IDENTITY = "iPhone Developer";
				COPY_PHASE_STRIP = NO;
				DEBUG_INFORMATION_FORMAT = "dwarf-with-dsym";
				ENABLE_NS_ASSERTIONS = NO;
				ENABLE_STRICT_OBJC_MSGSEND = YES;
				GCC_C_LANGUAGE_STANDARD = gnu11;
				GCC_NO_COMMON_BLOCKS = YES;
				GCC_WARN_64_TO_32_BIT_CONVERSION = YES;
				GCC_WARN_ABOUT_RETURN_TYPE = YES_ERROR;
				GCC_WARN_UNDECLARED_SELECTOR = YES;
				GCC_WARN_UNINITIALIZED_AUTOS = YES_AGGRESSIVE;
				GCC_WARN_UNUSED_FUNCTION = YES;
				GCC_WARN_UNUSED_VARIABLE = YES;
				IPHONEOS_DEPLOYMENT_TARGET = 11.4;
				MTL_ENABLE_DEBUG_INFO = NO;
				SDKROOT = iphoneos;
				VALIDATE_PRODUCT = YES;
			};
			name = Release;
		};
		0A1CF7232133851A008E3022 /* Debug */ = {
			isa = XCBuildConfiguration;
			buildSettings = {
				ASSETCATALOG_COMPILER_APPICON_NAME = AppIcon;
				CODE_SIGN_STYLE = Automatic;
				DEVELOPMENT_TEAM = 58NE35S2R9;
				INFOPLIST_FILE = UserDataDemo/Info.plist;
				LD_RUNPATH_SEARCH_PATHS = (
					"$(inherited)",
					"@executable_path/Frameworks",
				);
				PRODUCT_BUNDLE_IDENTIFIER = wcx.UserDataDemo;
				PRODUCT_NAME = "$(TARGET_NAME)";
				TARGETED_DEVICE_FAMILY = "1,2";
			};
			name = Debug;
		};
		0A1CF7242133851A008E3022 /* Release */ = {
			isa = XCBuildConfiguration;
			buildSettings = {
				ASSETCATALOG_COMPILER_APPICON_NAME = AppIcon;
				CODE_SIGN_STYLE = Automatic;
				DEVELOPMENT_TEAM = 58NE35S2R9;
				INFOPLIST_FILE = UserDataDemo/Info.plist;
				LD_RUNPATH_SEARCH_PATHS = (
					"$(inherited)",
					"@executable_path/Frameworks",
				);
				PRODUCT_BUNDLE_IDENTIFIER = wcx.UserDataDemo;
				PRODUCT_NAME = "$(TARGET_NAME)";
				TARGETED_DEVICE_FAMILY = "1,2";
			};
			name = Release;
		};
/* End XCBuildConfiguration section */

/* Begin XCConfigurationList section */
		0A1CF70721338519008E3022 /* Build configuration list for PBXProject "UserDataDemo" */ = {
			isa = XCConfigurationList;
			buildConfigurations = (
				0A1CF7202133851A008E3022 /* Debug */,
				0A1CF7212133851A008E3022 /* Release */,
			);
			defaultConfigurationIsVisible = 0;
			defaultConfigurationName = Release;
		};
		0A1CF7222133851A008E3022 /* Build configuration list for PBXNativeTarget "UserDataDemo" */ = {
			isa = XCConfigurationList;
			buildConfigurations = (
				0A1CF7232133851A008E3022 /* Debug */,
				0A1CF7242133851A008E3022 /* Release */,
			);
			defaultConfigurationIsVisible = 0;
			defaultConfigurationName = Release;
		};
/* End XCConfigurationList section */
	};
	rootObject = 0A1CF70421338519008E3022 /* Project object */;
}
